
Microsoft Visual Studio Solution File, Format Version 12.00
# Visual Studio Version 16
VisualStudioVersion = 16.0.31424.327
MinimumVisualStudioVersion = 10.0.40219.1
Project("{9A19103F-16F7-4668-BE54-9A1E7A4F7556}") = "ApiBarberia.Api", "ApiBarberia\ApiBarberia.Api.csproj", "{19FE3EA2-05BF-4C59-817E-A3BA1554314E}"
EndProject
Project("{9A19103F-16F7-4668-BE54-9A1E7A4F7556}") = "ApiBarberia.Core", "ApiBarberia.Core\ApiBarberia.Core.csproj", "{1726A38E-8F52-4E1C-966E-0D34B070216F}"
EndProject
Project("{9A19103F-16F7-4668-BE54-9A1E7A4F7556}") = "ApiBarberia.Infrastructure", "ApiBarberia.Infrastructure\ApiBarberia.Infrastructure.csproj", "{0A718D26-16ED-40A0-AE16-A95F1C2478A4}"
EndProject
Global
	GlobalSection(SolutionConfigurationPlatforms) = preSolution
		Debug|Any CPU = Debug|Any CPU
		Release|Any CPU = Release|Any CPU
	EndGlobalSection
	GlobalSection(ProjectConfigurationPlatforms) = postSolution
		{19FE3EA2-05BF-4C59-817E-A3BA1554314E}.Debug|Any CPU.ActiveCfg = Debug|Any CPU
		{19FE3EA2-05BF-4C59-817E-A3BA1554314E}.Debug|Any CPU.Build.0 = Debug|Any CPU
		{19FE3EA2-05BF-4C59-817E-A3BA1554314E}.Release|Any CPU.ActiveCfg = Release|Any CPU
		{19FE3EA2-05BF-4C59-817E-A3BA1554314E}.Release|Any CPU.Build.0 = Release|Any CPU
		{1726A38E-8F52-4E1C-966E-0D34B070216F}.Debug|Any CPU.ActiveCfg = Debug|Any CPU
		{1726A38E-8F52-4E1C-966E-0D34B070216F}.Debug|Any CPU.Build.0 = Debug|Any CPU
		{1726A38E-8F52-4E1C-966E-0D34B070216F}.Release|Any CPU.ActiveCfg = Release|Any CPU
		{1726A38E-8F52-4E1C-966E-0D34B070216F}.Release|Any CPU.Build.0 = Release|Any CPU
		{0A718D26-16ED-40A0-AE16-A95F1C2478A4}.Debug|Any CPU.ActiveCfg = Debug|Any CPU
		{0A718D26-16ED-40A0-AE16-A95F1C2478A4}.Debug|Any CPU.Build.0 = Debug|Any CPU
		{0A718D26-16ED-40A0-AE16-A95F1C2478A4}.Release|Any CPU.ActiveCfg = Release|Any CPU
		{0A718D26-16ED-40A0-AE16-A95F1C2478A4}.Release|Any CPU.Build.0 = Release|Any CPU
	EndGlobalSection
	GlobalSection(SolutionProperties) = preSolution
		HideSolutionNode = FALSE
	EndGlobalSection
	GlobalSection(ExtensibilityGlobals) = postSolution
		SolutionGuid = {A5BB6CE8-ADA9-4437-9B45-DFDF7A5E8559}
	EndGlobalSection
EndGlobal
